
Microsoft Visual Studio Solution File, Format Version 12.00
# Visual Studio Version 16
VisualStudioVersion = 16.0.29306.81
MinimumVisualStudioVersion = 10.0.40219.1
Project("{9A19103F-16F7-4668-BE54-9A1E7A4F7556}") = "antoinechampion-com", "antoinechampion-com.csproj", "{9A70AC84-0B19-4F91-8BC2-6EB9385CF135}"
EndProject
Global
	GlobalSection(SolutionConfigurationPlatforms) = preSolution
		Debug|Any CPU = Debug|Any CPU
		Release|Any CPU = Release|Any CPU
	EndGlobalSection
	GlobalSection(ProjectConfigurationPlatforms) = postSolution
		{9A70AC84-0B19-4F91-8BC2-6EB9385CF135}.Debug|Any CPU.ActiveCfg = Debug|Any CPU
		{9A70AC84-0B19-4F91-8BC2-6EB9385CF135}.Debug|Any CPU.Build.0 = Debug|Any CPU
		{9A70AC84-0B19-4F91-8BC2-6EB9385CF135}.Release|Any CPU.ActiveCfg = Release|Any CPU
		{9A70AC84-0B19-4F91-8BC2-6EB9385CF135}.Release|Any CPU.Build.0 = Release|Any CPU
	EndGlobalSection
	GlobalSection(SolutionProperties) = preSolution
		HideSolutionNode = FALSE
	EndGlobalSection
	GlobalSection(ExtensibilityGlobals) = postSolution
		SolutionGuid = {6CBE2906-1D45-465A-9267-E6ADB80267C8}
	EndGlobalSection
EndGlobal
